
Microsoft Visual Studio Solution File, Format Version 12.00
# Visual Studio Version 17
VisualStudioVersion = 17.11.35222.181
MinimumVisualStudioVersion = 10.0.40219.1
Project("{9A19103F-16F7-4668-BE54-9A1E7A4F7556}") = "Adapter", "Adapter\Adapter.csproj", "{B33564CC-113A-4A25-9601-43D18F60C346}"
EndProject
Project("{9A19103F-16F7-4668-BE54-9A1E7A4F7556}") = "DataAccess", "DataAccess\DataAccess.csproj", "{E848F145-B2AB-43CC-862F-1055FD0CD83B}"
EndProject
Project("{9A19103F-16F7-4668-BE54-9A1E7A4F7556}") = "BusinessLogic", "BusinessLogic\BusinessLogic.csproj", "{BF98A4D7-E307-4893-B590-8687BDCACFB6}"
EndProject
Project("{FAE04EC0-301F-11D3-BF4B-00C04F79EFBC}") = "Authorization", "Authorization\Authorization.csproj", "{37263AEE-3E6F-4E88-98E5-53C852CF78FA}"
EndProject
Global
	GlobalSection(SolutionConfigurationPlatforms) = preSolution
		Debug|Any CPU = Debug|Any CPU
		Release|Any CPU = Release|Any CPU
	EndGlobalSection
	GlobalSection(ProjectConfigurationPlatforms) = postSolution
		{B33564CC-113A-4A25-9601-43D18F60C346}.Debug|Any CPU.ActiveCfg = Debug|Any CPU
		{B33564CC-113A-4A25-9601-43D18F60C346}.Debug|Any CPU.Build.0 = Debug|Any CPU
		{B33564CC-113A-4A25-9601-43D18F60C346}.Release|Any CPU.ActiveCfg = Release|Any CPU
		{B33564CC-113A-4A25-9601-43D18F60C346}.Release|Any CPU.Build.0 = Release|Any CPU
		{E848F145-B2AB-43CC-862F-1055FD0CD83B}.Debug|Any CPU.ActiveCfg = Debug|Any CPU
		{E848F145-B2AB-43CC-862F-1055FD0CD83B}.Debug|Any CPU.Build.0 = Debug|Any CPU
		{E848F145-B2AB-43CC-862F-1055FD0CD83B}.Release|Any CPU.ActiveCfg = Release|Any CPU
		{E848F145-B2AB-43CC-862F-1055FD0CD83B}.Release|Any CPU.Build.0 = Release|Any CPU
		{BF98A4D7-E307-4893-B590-8687BDCACFB6}.Debug|Any CPU.ActiveCfg = Debug|Any CPU
		{BF98A4D7-E307-4893-B590-8687BDCACFB6}.Debug|Any CPU.Build.0 = Debug|Any CPU
		{BF98A4D7-E307-4893-B590-8687BDCACFB6}.Release|Any CPU.ActiveCfg = Release|Any CPU
		{BF98A4D7-E307-4893-B590-8687BDCACFB6}.Release|Any CPU.Build.0 = Release|Any CPU
		{37263AEE-3E6F-4E88-98E5-53C852CF78FA}.Debug|Any CPU.ActiveCfg = Debug|Any CPU
		{37263AEE-3E6F-4E88-98E5-53C852CF78FA}.Debug|Any CPU.Build.0 = Debug|Any CPU
		{37263AEE-3E6F-4E88-98E5-53C852CF78FA}.Release|Any CPU.ActiveCfg = Release|Any CPU
		{37263AEE-3E6F-4E88-98E5-53C852CF78FA}.Release|Any CPU.Build.0 = Release|Any CPU
	EndGlobalSection
	GlobalSection(SolutionProperties) = preSolution
		HideSolutionNode = FALSE
	EndGlobalSection
	GlobalSection(ExtensibilityGlobals) = postSolution
		SolutionGuid = {D989CCE7-6668-4A87-A5CB-B26F57A38169}
	EndGlobalSection
EndGlobal
